
Microsoft Visual Studio Solution File, Format Version 12.00
# Visual Studio Version 16
VisualStudioVersion = 16.0.30804.86
MinimumVisualStudioVersion = 10.0.40219.1
Project("{9A19103F-16F7-4668-BE54-9A1E7A4F7556}") = "WebDziennikAPI", "WebDziennikAPI.csproj", "{DADA545D-114F-4ABB-8667-E02FCB5D6A75}"
EndProject
Project("{9A19103F-16F7-4668-BE54-9A1E7A4F7556}") = "WebDziennikAPI.Core", "..\WebDziennikAPI.Core\WebDziennikAPI.Core.csproj", "{54E61A8E-3521-4C23-8F3C-698102F58080}"
EndProject
Project("{9A19103F-16F7-4668-BE54-9A1E7A4F7556}") = "WebDziennikAPI.Config", "..\WebDziennikAPI.Config\WebDziennikAPI.Config.csproj", "{4BFD40FE-F479-4551-8A5A-4D00A1252A85}"
EndProject
Global
	GlobalSection(SolutionConfigurationPlatforms) = preSolution
		Debug|Any CPU = Debug|Any CPU
		Empty|Any CPU = Empty|Any CPU
		Release|Any CPU = Release|Any CPU
	EndGlobalSection
	GlobalSection(ProjectConfigurationPlatforms) = postSolution
		{DADA545D-114F-4ABB-8667-E02FCB5D6A75}.Debug|Any CPU.ActiveCfg = Debug|Any CPU
		{DADA545D-114F-4ABB-8667-E02FCB5D6A75}.Debug|Any CPU.Build.0 = Debug|Any CPU
		{DADA545D-114F-4ABB-8667-E02FCB5D6A75}.Empty|Any CPU.ActiveCfg = Debug|Any CPU
		{DADA545D-114F-4ABB-8667-E02FCB5D6A75}.Empty|Any CPU.Build.0 = Debug|Any CPU
		{DADA545D-114F-4ABB-8667-E02FCB5D6A75}.Release|Any CPU.ActiveCfg = Release|Any CPU
		{DADA545D-114F-4ABB-8667-E02FCB5D6A75}.Release|Any CPU.Build.0 = Release|Any CPU
		{54E61A8E-3521-4C23-8F3C-698102F58080}.Debug|Any CPU.ActiveCfg = Debug|Any CPU
		{54E61A8E-3521-4C23-8F3C-698102F58080}.Debug|Any CPU.Build.0 = Debug|Any CPU
		{54E61A8E-3521-4C23-8F3C-698102F58080}.Empty|Any CPU.ActiveCfg = Debug|Any CPU
		{54E61A8E-3521-4C23-8F3C-698102F58080}.Empty|Any CPU.Build.0 = Debug|Any CPU
		{54E61A8E-3521-4C23-8F3C-698102F58080}.Release|Any CPU.ActiveCfg = Release|Any CPU
		{54E61A8E-3521-4C23-8F3C-698102F58080}.Release|Any CPU.Build.0 = Release|Any CPU
		{4BFD40FE-F479-4551-8A5A-4D00A1252A85}.Debug|Any CPU.ActiveCfg = Debug|Any CPU
		{4BFD40FE-F479-4551-8A5A-4D00A1252A85}.Debug|Any CPU.Build.0 = Debug|Any CPU
		{4BFD40FE-F479-4551-8A5A-4D00A1252A85}.Empty|Any CPU.ActiveCfg = Debug|Any CPU
		{4BFD40FE-F479-4551-8A5A-4D00A1252A85}.Empty|Any CPU.Build.0 = Debug|Any CPU
		{4BFD40FE-F479-4551-8A5A-4D00A1252A85}.Release|Any CPU.ActiveCfg = Release|Any CPU
		{4BFD40FE-F479-4551-8A5A-4D00A1252A85}.Release|Any CPU.Build.0 = Release|Any CPU
	EndGlobalSection
	GlobalSection(SolutionProperties) = preSolution
		HideSolutionNode = FALSE
	EndGlobalSection
	GlobalSection(ExtensibilityGlobals) = postSolution
		SolutionGuid = {0E9E084E-5E7B-4816-9E04-67154B90D93A}
	EndGlobalSection
EndGlobal
